
Microsoft Visual Studio Solution File, Format Version 12.00
# Visual Studio Version 17
VisualStudioVersion = 17.7.34009.444
MinimumVisualStudioVersion = 10.0.40219.1
Project("{FAE04EC0-301F-11D3-BF4B-00C04F79EFBC}") = "IPBVC_App", "IPBVC_App\IPBVC_App.csproj", "{998F7776-4E48-4565-B5E7-1F06703CF4C2}"
EndProject
Global
	GlobalSection(SolutionConfigurationPlatforms) = preSolution
		Debug|Any CPU = Debug|Any CPU
		Release|Any CPU = Release|Any CPU
	EndGlobalSection
	GlobalSection(ProjectConfigurationPlatforms) = postSolution
		{998F7776-4E48-4565-B5E7-1F06703CF4C2}.Debug|Any CPU.ActiveCfg = Debug|Any CPU
		{998F7776-4E48-4565-B5E7-1F06703CF4C2}.Debug|Any CPU.Build.0 = Debug|Any CPU
		{998F7776-4E48-4565-B5E7-1F06703CF4C2}.Debug|Any CPU.Deploy.0 = Debug|Any CPU
		{998F7776-4E48-4565-B5E7-1F06703CF4C2}.Release|Any CPU.ActiveCfg = Release|Any CPU
		{998F7776-4E48-4565-B5E7-1F06703CF4C2}.Release|Any CPU.Build.0 = Release|Any CPU
		{998F7776-4E48-4565-B5E7-1F06703CF4C2}.Release|Any CPU.Deploy.0 = Release|Any CPU
	EndGlobalSection
	GlobalSection(SolutionProperties) = preSolution
		HideSolutionNode = FALSE
	EndGlobalSection
	GlobalSection(ExtensibilityGlobals) = postSolution
		SolutionGuid = {7F406A1B-779E-4D07-BC16-8886514ADF96}
	EndGlobalSection
EndGlobal
